
Microsoft Visual Studio Solution File, Format Version 12.00
# Visual Studio 14
VisualStudioVersion = 14.0.25420.1
MinimumVisualStudioVersion = 10.0.40219.1
Project("{FAE04EC0-301F-11D3-BF4B-00C04F79EFBC}") = "PruebaNavegacionCasa", "PruebaNavegacionCasa\PruebaNavegacionCasa\PruebaNavegacionCasa.csproj", "{5B8235E8-C52F-4792-A84E-832C669211B1}"
EndProject
Project("{FAE04EC0-301F-11D3-BF4B-00C04F79EFBC}") = "PruebaNavegacionCasa.Droid", "PruebaNavegacionCasa\PruebaNavegacionCasa.Droid\PruebaNavegacionCasa.Droid.csproj", "{44B83CFD-4D8F-4670-8FA2-E5014427D4C9}"
EndProject
Project("{FAE04EC0-301F-11D3-BF4B-00C04F79EFBC}") = "PruebaNavegacionCasa.iOS", "PruebaNavegacionCasa\PruebaNavegacionCasa.iOS\PruebaNavegacionCasa.iOS.csproj", "{A09FCC6B-3ED4-4AEF-B6FA-8FE135C26F6C}"
EndProject
Project("{FAE04EC0-301F-11D3-BF4B-00C04F79EFBC}") = "PruebaNavegacionCasa.WinPhone", "PruebaNavegacionCasa\PruebaNavegacionCasa.WinPhone\PruebaNavegacionCasa.WinPhone.csproj", "{40FE5C07-0401-487C-9B73-98D234245B5A}"
EndProject
Project("{FAE04EC0-301F-11D3-BF4B-00C04F79EFBC}") = "PruebaNavegacionCasa.Windows", "PruebaNavegacionCasa\PruebaNavegacionCasa.Windows\PruebaNavegacionCasa.Windows.csproj", "{54915FFD-62F3-4E8F-B970-71F44463D731}"
EndProject
Global
	GlobalSection(SolutionConfigurationPlatforms) = preSolution
		Ad-Hoc|Any CPU = Ad-Hoc|Any CPU
		Ad-Hoc|ARM = Ad-Hoc|ARM
		Ad-Hoc|iPhone = Ad-Hoc|iPhone
		Ad-Hoc|iPhoneSimulator = Ad-Hoc|iPhoneSimulator
		Ad-Hoc|x64 = Ad-Hoc|x64
		Ad-Hoc|x86 = Ad-Hoc|x86
		AppStore|Any CPU = AppStore|Any CPU
		AppStore|ARM = AppStore|ARM
		AppStore|iPhone = AppStore|iPhone
		AppStore|iPhoneSimulator = AppStore|iPhoneSimulator
		AppStore|x64 = AppStore|x64
		AppStore|x86 = AppStore|x86
		Debug|Any CPU = Debug|Any CPU
		Debug|ARM = Debug|ARM
		Debug|iPhone = Debug|iPhone
		Debug|iPhoneSimulator = Debug|iPhoneSimulator
		Debug|x64 = Debug|x64
		Debug|x86 = Debug|x86
		Release|Any CPU = Release|Any CPU
		Release|ARM = Release|ARM
		Release|iPhone = Release|iPhone
		Release|iPhoneSimulator = Release|iPhoneSimulator
		Release|x64 = Release|x64
		Release|x86 = Release|x86
	EndGlobalSection
	GlobalSection(ProjectConfigurationPlatforms) = postSolution
		{5B8235E8-C52F-4792-A84E-832C669211B1}.Ad-Hoc|Any CPU.ActiveCfg = Release|Any CPU
		{5B8235E8-C52F-4792-A84E-832C669211B1}.Ad-Hoc|Any CPU.Build.0 = Release|Any CPU
		{5B8235E8-C52F-4792-A84E-832C669211B1}.Ad-Hoc|ARM.ActiveCfg = Release|Any CPU
		{5B8235E8-C52F-4792-A84E-832C669211B1}.Ad-Hoc|ARM.Build.0 = Release|Any CPU
		{5B8235E8-C52F-4792-A84E-832C669211B1}.Ad-Hoc|iPhone.ActiveCfg = Release|Any CPU
		{5B8235E8-C52F-4792-A84E-832C669211B1}.Ad-Hoc|iPhone.Build.0 = Release|Any CPU
		{5B8235E8-C52F-4792-A84E-832C669211B1}.Ad-Hoc|iPhoneSimulator.ActiveCfg = Release|Any CPU
		{5B8235E8-C52F-4792-A84E-832C669211B1}.Ad-Hoc|iPhoneSimulator.Build.0 = Release|Any CPU
		{5B8235E8-C52F-4792-A84E-832C669211B1}.Ad-Hoc|x64.ActiveCfg = Release|Any CPU
		{5B8235E8-C52F-4792-A84E-832C669211B1}.Ad-Hoc|x64.Build.0 = Release|Any CPU
		{5B8235E8-C52F-4792-A84E-832C669211B1}.Ad-Hoc|x86.ActiveCfg = Release|Any CPU
		{5B8235E8-C52F-4792-A84E-832C669211B1}.Ad-Hoc|x86.Build.0 = Release|Any CPU
		{5B8235E8-C52F-4792-A84E-832C669211B1}.AppStore|Any CPU.ActiveCfg = Release|Any CPU
		{5B8235E8-C52F-4792-A84E-832C669211B1}.AppStore|Any CPU.Build.0 = Release|Any CPU
		{5B8235E8-C52F-4792-A84E-832C669211B1}.AppStore|ARM.ActiveCfg = Release|Any CPU
		{5B8235E8-C52F-4792-A84E-832C669211B1}.AppStore|ARM.Build.0 = Release|Any CPU
		{5B8235E8-C52F-4792-A84E-832C669211B1}.AppStore|iPhone.ActiveCfg = Release|Any CPU
		{5B8235E8-C52F-4792-A84E-832C669211B1}.AppStore|iPhone.Build.0 = Release|Any CPU
		{5B8235E8-C52F-4792-A84E-832C669211B1}.AppStore|iPhoneSimulator.ActiveCfg = Release|Any CPU
		{5B8235E8-C52F-4792-A84E-832C669211B1}.AppStore|iPhoneSimulator.Build.0 = Release|Any CPU
		{5B8235E8-C52F-4792-A84E-832C669211B1}.AppStore|x64.ActiveCfg = Release|Any CPU
		{5B8235E8-C52F-4792-A84E-832C669211B1}.AppStore|x64.Build.0 = Release|Any CPU
		{5B8235E8-C52F-4792-A84E-832C669211B1}.AppStore|x86.ActiveCfg = Release|Any CPU
		{5B8235E8-C52F-4792-A84E-832C669211B1}.AppStore|x86.Build.0 = Release|Any CPU
		{5B8235E8-C52F-4792-A84E-832C669211B1}.Debug|Any CPU.ActiveCfg = Debug|Any CPU
		{5B8235E8-C52F-4792-A84E-832C669211B1}.Debug|Any CPU.Build.0 = Debug|Any CPU
		{5B8235E8-C52F-4792-A84E-832C669211B1}.Debug|ARM.ActiveCfg = Debug|Any CPU
		{5B8235E8-C52F-4792-A84E-832C669211B1}.Debug|ARM.Build.0 = Debug|Any CPU
		{5B8235E8-C52F-4792-A84E-832C669211B1}.Debug|iPhone.ActiveCfg = Debug|Any CPU
		{5B8235E8-C52F-4792-A84E-832C669211B1}.Debug|iPhone.Build.0 = Debug|Any CPU
		{5B8235E8-C52F-4792-A84E-832C669211B1}.Debug|iPhoneSimulator.ActiveCfg = Debug|Any CPU
		{5B8235E8-C52F-4792-A84E-832C669211B1}.Debug|iPhoneSimulator.Build.0 = Debug|Any CPU
		{5B8235E8-C52F-4792-A84E-832C669211B1}.Debug|x64.ActiveCfg = Debug|Any CPU
		{5B8235E8-C52F-4792-A84E-832C669211B1}.Debug|x64.Build.0 = Debug|Any CPU
		{5B8235E8-C52F-4792-A84E-832C669211B1}.Debug|x86.ActiveCfg = Debug|Any CPU
		{5B8235E8-C52F-4792-A84E-832C669211B1}.Debug|x86.Build.0 = Debug|Any CPU
		{5B8235E8-C52F-4792-A84E-832C669211B1}.Release|Any CPU.ActiveCfg = Release|Any CPU
		{5B8235E8-C52F-4792-A84E-832C669211B1}.Release|Any CPU.Build.0 = Release|Any CPU
		{5B8235E8-C52F-4792-A84E-832C669211B1}.Release|ARM.ActiveCfg = Release|Any CPU
		{5B8235E8-C52F-4792-A84E-832C669211B1}.Release|ARM.Build.0 = Release|Any CPU
		{5B8235E8-C52F-4792-A84E-832C669211B1}.Release|iPhone.ActiveCfg = Release|Any CPU
		{5B8235E8-C52F-4792-A84E-832C669211B1}.Release|iPhone.Build.0 = Release|Any CPU
		{5B8235E8-C52F-4792-A84E-832C669211B1}.Release|iPhoneSimulator.ActiveCfg = Release|Any CPU
		{5B8235E8-C52F-4792-A84E-832C669211B1}.Release|iPhoneSimulator.Build.0 = Release|Any CPU
		{5B8235E8-C52F-4792-A84E-832C669211B1}.Release|x64.ActiveCfg = Release|Any CPU
		{5B8235E8-C52F-4792-A84E-832C669211B1}.Release|x64.Build.0 = Release|Any CPU
		{5B8235E8-C52F-4792-A84E-832C669211B1}.Release|x86.ActiveCfg = Release|Any CPU
		{5B8235E8-C52F-4792-A84E-832C669211B1}.Release|x86.Build.0 = Release|Any CPU
		{44B83CFD-4D8F-4670-8FA2-E5014427D4C9}.Ad-Hoc|Any CPU.ActiveCfg = Release|Any CPU
		{44B83CFD-4D8F-4670-8FA2-E5014427D4C9}.Ad-Hoc|Any CPU.Build.0 = Release|Any CPU
		{44B83CFD-4D8F-4670-8FA2-E5014427D4C9}.Ad-Hoc|Any CPU.Deploy.0 = Release|Any CPU
		{44B83CFD-4D8F-4670-8FA2-E5014427D4C9}.Ad-Hoc|ARM.ActiveCfg = Release|Any CPU
		{44B83CFD-4D8F-4670-8FA2-E5014427D4C9}.Ad-Hoc|ARM.Build.0 = Release|Any CPU
		{44B83CFD-4D8F-4670-8FA2-E5014427D4C9}.Ad-Hoc|ARM.Deploy.0 = Release|Any CPU
		{44B83CFD-4D8F-4670-8FA2-E5014427D4C9}.Ad-Hoc|iPhone.ActiveCfg = Release|Any CPU
		{44B83CFD-4D8F-4670-8FA2-E5014427D4C9}.Ad-Hoc|iPhone.Build.0 = Release|Any CPU
		{44B83CFD-4D8F-4670-8FA2-E5014427D4C9}.Ad-Hoc|iPhone.Deploy.0 = Release|Any CPU
		{44B83CFD-4D8F-4670-8FA2-E5014427D4C9}.Ad-Hoc|iPhoneSimulator.ActiveCfg = Release|Any CPU
		{44B83CFD-4D8F-4670-8FA2-E5014427D4C9}.Ad-Hoc|iPhoneSimulator.Build.0 = Release|Any CPU
		{44B83CFD-4D8F-4670-8FA2-E5014427D4C9}.Ad-Hoc|iPhoneSimulator.Deploy.0 = Release|Any CPU
		{44B83CFD-4D8F-4670-8FA2-E5014427D4C9}.Ad-Hoc|x64.ActiveCfg = Release|Any CPU
		{44B83CFD-4D8F-4670-8FA2-E5014427D4C9}.Ad-Hoc|x64.Build.0 = Release|Any CPU
		{44B83CFD-4D8F-4670-8FA2-E5014427D4C9}.Ad-Hoc|x64.Deploy.0 = Release|Any CPU
		{44B83CFD-4D8F-4670-8FA2-E5014427D4C9}.Ad-Hoc|x86.ActiveCfg = Release|Any CPU
		{44B83CFD-4D8F-4670-8FA2-E5014427D4C9}.Ad-Hoc|x86.Build.0 = Release|Any CPU
		{44B83CFD-4D8F-4670-8FA2-E5014427D4C9}.Ad-Hoc|x86.Deploy.0 = Release|Any CPU
		{44B83CFD-4D8F-4670-8FA2-E5014427D4C9}.AppStore|Any CPU.ActiveCfg = Release|Any CPU
		{44B83CFD-4D8F-4670-8FA2-E5014427D4C9}.AppStore|Any CPU.Build.0 = Release|Any CPU
		{44B83CFD-4D8F-4670-8FA2-E5014427D4C9}.AppStore|Any CPU.Deploy.0 = Release|Any CPU
		{44B83CFD-4D8F-4670-8FA2-E5014427D4C9}.AppStore|ARM.ActiveCfg = Release|Any CPU
		{44B83CFD-4D8F-4670-8FA2-E5014427D4C9}.AppStore|ARM.Build.0 = Release|Any CPU
		{44B83CFD-4D8F-4670-8FA2-E5014427D4C9}.AppStore|ARM.Deploy.0 = Release|Any CPU
		{44B83CFD-4D8F-4670-8FA2-E5014427D4C9}.AppStore|iPhone.ActiveCfg = Release|Any CPU
		{44B83CFD-4D8F-4670-8FA2-E5014427D4C9}.AppStore|iPhone.Build.0 = Release|Any CPU
		{44B83CFD-4D8F-4670-8FA2-E5014427D4C9}.AppStore|iPhone.Deploy.0 = Release|Any CPU
		{44B83CFD-4D8F-4670-8FA2-E5014427D4C9}.AppStore|iPhoneSimulator.ActiveCfg = Release|Any CPU
		{44B83CFD-4D8F-4670-8FA2-E5014427D4C9}.AppStore|iPhoneSimulator.Build.0 = Release|Any CPU
		{44B83CFD-4D8F-4670-8FA2-E5014427D4C9}.AppStore|iPhoneSimulator.Deploy.0 = Release|Any CPU
		{44B83CFD-4D8F-4670-8FA2-E5014427D4C9}.AppStore|x64.ActiveCfg = Release|Any CPU
		{44B83CFD-4D8F-4670-8FA2-E5014427D4C9}.AppStore|x64.Build.0 = Release|Any CPU
		{44B83CFD-4D8F-4670-8FA2-E5014427D4C9}.AppStore|x64.Deploy.0 = Release|Any CPU
		{44B83CFD-4D8F-4670-8FA2-E5014427D4C9}.AppStore|x86.ActiveCfg = Release|Any CPU
		{44B83CFD-4D8F-4670-8FA2-E5014427D4C9}.AppStore|x86.Build.0 = Release|Any CPU
		{44B83CFD-4D8F-4670-8FA2-E5014427D4C9}.AppStore|x86.Deploy.0 = Release|Any CPU
		{44B83CFD-4D8F-4670-8FA2-E5014427D4C9}.Debug|Any CPU.ActiveCfg = Debug|Any CPU
		{44B83CFD-4D8F-4670-8FA2-E5014427D4C9}.Debug|Any CPU.Build.0 = Debug|Any CPU
		{44B83CFD-4D8F-4670-8FA2-E5014427D4C9}.Debug|Any CPU.Deploy.0 = Debug|Any CPU
		{44B83CFD-4D8F-4670-8FA2-E5014427D4C9}.Debug|ARM.ActiveCfg = Debug|Any CPU
		{44B83CFD-4D8F-4670-8FA2-E5014427D4C9}.Debug|ARM.Build.0 = Debug|Any CPU
		{44B83CFD-4D8F-4670-8FA2-E5014427D4C9}.Debug|ARM.Deploy.0 = Debug|Any CPU
		{44B83CFD-4D8F-4670-8FA2-E5014427D4C9}.Debug|iPhone.ActiveCfg = Debug|Any CPU
		{44B83CFD-4D8F-4670-8FA2-E5014427D4C9}.Debug|iPhone.Build.0 = Debug|Any CPU
		{44B83CFD-4D8F-4670-8FA2-E5014427D4C9}.Debug|iPhone.Deploy.0 = Debug|Any CPU
		{44B83CFD-4D8F-4670-8FA2-E5014427D4C9}.Debug|iPhoneSimulator.ActiveCfg = Debug|Any CPU
		{44B83CFD-4D8F-4670-8FA2-E5014427D4C9}.Debug|iPhoneSimulator.Build.0 = Debug|Any CPU
		{44B83CFD-4D8F-4670-8FA2-E5014427D4C9}.Debug|iPhoneSimulator.Deploy.0 = Debug|Any CPU
		{44B83CFD-4D8F-4670-8FA2-E5014427D4C9}.Debug|x64.ActiveCfg = Debug|Any CPU
		{44B83CFD-4D8F-4670-8FA2-E5014427D4C9}.Debug|x64.Build.0 = Debug|Any CPU
		{44B83CFD-4D8F-4670-8FA2-E5014427D4C9}.Debug|x64.Deploy.0 = Debug|Any CPU
		{44B83CFD-4D8F-4670-8FA2-E5014427D4C9}.Debug|x86.ActiveCfg = Debug|Any CPU
		{44B83CFD-4D8F-4670-8FA2-E5014427D4C9}.Debug|x86.Build.0 = Debug|Any CPU
		{44B83CFD-4D8F-4670-8FA2-E5014427D4C9}.Debug|x86.Deploy.0 = Debug|Any CPU
		{44B83CFD-4D8F-4670-8FA2-E5014427D4C9}.Release|Any CPU.ActiveCfg = Release|Any CPU
		{44B83CFD-4D8F-4670-8FA2-E5014427D4C9}.Release|Any CPU.Build.0 = Release|Any CPU
		{44B83CFD-4D8F-4670-8FA2-E5014427D4C9}.Release|Any CPU.Deploy.0 = Release|Any CPU
		{44B83CFD-4D8F-4670-8FA2-E5014427D4C9}.Release|ARM.ActiveCfg = Release|Any CPU
		{44B83CFD-4D8F-4670-8FA2-E5014427D4C9}.Release|ARM.Build.0 = Release|Any CPU
		{44B83CFD-4D8F-4670-8FA2-E5014427D4C9}.Release|ARM.Deploy.0 = Release|Any CPU
		{44B83CFD-4D8F-4670-8FA2-E5014427D4C9}.Release|iPhone.ActiveCfg = Release|Any CPU
		{44B83CFD-4D8F-4670-8FA2-E5014427D4C9}.Release|iPhone.Build.0 = Release|Any CPU
		{44B83CFD-4D8F-4670-8FA2-E5014427D4C9}.Release|iPhone.Deploy.0 = Release|Any CPU
		{44B83CFD-4D8F-4670-8FA2-E5014427D4C9}.Release|iPhoneSimulator.ActiveCfg = Release|Any CPU
		{44B83CFD-4D8F-4670-8FA2-E5014427D4C9}.Release|iPhoneSimulator.Build.0 = Release|Any CPU
		{44B83CFD-4D8F-4670-8FA2-E5014427D4C9}.Release|iPhoneSimulator.Deploy.0 = Release|Any CPU
		{44B83CFD-4D8F-4670-8FA2-E5014427D4C9}.Release|x64.ActiveCfg = Release|Any CPU
		{44B83CFD-4D8F-4670-8FA2-E5014427D4C9}.Release|x64.Build.0 = Release|Any CPU
		{44B83CFD-4D8F-4670-8FA2-E5014427D4C9}.Release|x64.Deploy.0 = Release|Any CPU
		{44B83CFD-4D8F-4670-8FA2-E5014427D4C9}.Release|x86.ActiveCfg = Release|Any CPU
		{44B83CFD-4D8F-4670-8FA2-E5014427D4C9}.Release|x86.Build.0 = Release|Any CPU
		{44B83CFD-4D8F-4670-8FA2-E5014427D4C9}.Release|x86.Deploy.0 = Release|Any CPU
		{A09FCC6B-3ED4-4AEF-B6FA-8FE135C26F6C}.Ad-Hoc|Any CPU.ActiveCfg = Ad-Hoc|iPhone
		{A09FCC6B-3ED4-4AEF-B6FA-8FE135C26F6C}.Ad-Hoc|ARM.ActiveCfg = Ad-Hoc|iPhone
		{A09FCC6B-3ED4-4AEF-B6FA-8FE135C26F6C}.Ad-Hoc|iPhone.ActiveCfg = Ad-Hoc|iPhone
		{A09FCC6B-3ED4-4AEF-B6FA-8FE135C26F6C}.Ad-Hoc|iPhone.Build.0 = Ad-Hoc|iPhone
		{A09FCC6B-3ED4-4AEF-B6FA-8FE135C26F6C}.Ad-Hoc|iPhoneSimulator.ActiveCfg = Ad-Hoc|iPhoneSimulator
		{A09FCC6B-3ED4-4AEF-B6FA-8FE135C26F6C}.Ad-Hoc|iPhoneSimulator.Build.0 = Ad-Hoc|iPhoneSimulator
		{A09FCC6B-3ED4-4AEF-B6FA-8FE135C26F6C}.Ad-Hoc|x64.ActiveCfg = Ad-Hoc|iPhone
		{A09FCC6B-3ED4-4AEF-B6FA-8FE135C26F6C}.Ad-Hoc|x86.ActiveCfg = Ad-Hoc|iPhone
		{A09FCC6B-3ED4-4AEF-B6FA-8FE135C26F6C}.AppStore|Any CPU.ActiveCfg = AppStore|iPhone
		{A09FCC6B-3ED4-4AEF-B6FA-8FE135C26F6C}.AppStore|ARM.ActiveCfg = AppStore|iPhone
		{A09FCC6B-3ED4-4AEF-B6FA-8FE135C26F6C}.AppStore|iPhone.ActiveCfg = AppStore|iPhone
		{A09FCC6B-3ED4-4AEF-B6FA-8FE135C26F6C}.AppStore|iPhone.Build.0 = AppStore|iPhone
		{A09FCC6B-3ED4-4AEF-B6FA-8FE135C26F6C}.AppStore|iPhoneSimulator.ActiveCfg = AppStore|iPhoneSimulator
		{A09FCC6B-3ED4-4AEF-B6FA-8FE135C26F6C}.AppStore|iPhoneSimulator.Build.0 = AppStore|iPhoneSimulator
		{A09FCC6B-3ED4-4AEF-B6FA-8FE135C26F6C}.AppStore|x64.ActiveCfg = AppStore|iPhone
		{A09FCC6B-3ED4-4AEF-B6FA-8FE135C26F6C}.AppStore|x86.ActiveCfg = AppStore|iPhone
		{A09FCC6B-3ED4-4AEF-B6FA-8FE135C26F6C}.Debug|Any CPU.ActiveCfg = Debug|iPhone
		{A09FCC6B-3ED4-4AEF-B6FA-8FE135C26F6C}.Debug|ARM.ActiveCfg = Debug|iPhone
		{A09FCC6B-3ED4-4AEF-B6FA-8FE135C26F6C}.Debug|iPhone.ActiveCfg = Debug|iPhone
		{A09FCC6B-3ED4-4AEF-B6FA-8FE135C26F6C}.Debug|iPhone.Build.0 = Debug|iPhone
		{A09FCC6B-3ED4-4AEF-B6FA-8FE135C26F6C}.Debug|iPhoneSimulator.ActiveCfg = Debug|iPhoneSimulator
		{A09FCC6B-3ED4-4AEF-B6FA-8FE135C26F6C}.Debug|iPhoneSimulator.Build.0 = Debug|iPhoneSimulator
		{A09FCC6B-3ED4-4AEF-B6FA-8FE135C26F6C}.Debug|x64.ActiveCfg = Debug|iPhone
		{A09FCC6B-3ED4-4AEF-B6FA-8FE135C26F6C}.Debug|x86.ActiveCfg = Debug|iPhone
		{A09FCC6B-3ED4-4AEF-B6FA-8FE135C26F6C}.Release|Any CPU.ActiveCfg = Release|iPhone
		{A09FCC6B-3ED4-4AEF-B6FA-8FE135C26F6C}.Release|ARM.ActiveCfg = Release|iPhone
		{A09FCC6B-3ED4-4AEF-B6FA-8FE135C26F6C}.Release|iPhone.ActiveCfg = Release|iPhone
		{A09FCC6B-3ED4-4AEF-B6FA-8FE135C26F6C}.Release|iPhone.Build.0 = Release|iPhone
		{A09FCC6B-3ED4-4AEF-B6FA-8FE135C26F6C}.Release|iPhoneSimulator.ActiveCfg = Release|iPhoneSimulator
		{A09FCC6B-3ED4-4AEF-B6FA-8FE135C26F6C}.Release|iPhoneSimulator.Build.0 = Release|iPhoneSimulator
		{A09FCC6B-3ED4-4AEF-B6FA-8FE135C26F6C}.Release|x64.ActiveCfg = Release|iPhone
		{A09FCC6B-3ED4-4AEF-B6FA-8FE135C26F6C}.Release|x86.ActiveCfg = Release|iPhone
		{40FE5C07-0401-487C-9B73-98D234245B5A}.Ad-Hoc|Any CPU.ActiveCfg = Release|Any CPU
		{40FE5C07-0401-487C-9B73-98D234245B5A}.Ad-Hoc|Any CPU.Build.0 = Release|Any CPU
		{40FE5C07-0401-487C-9B73-98D234245B5A}.Ad-Hoc|Any CPU.Deploy.0 = Release|Any CPU
		{40FE5C07-0401-487C-9B73-98D234245B5A}.Ad-Hoc|ARM.ActiveCfg = Release|ARM
		{40FE5C07-0401-487C-9B73-98D234245B5A}.Ad-Hoc|ARM.Build.0 = Release|ARM
		{40FE5C07-0401-487C-9B73-98D234245B5A}.Ad-Hoc|ARM.Deploy.0 = Release|ARM
		{40FE5C07-0401-487C-9B73-98D234245B5A}.Ad-Hoc|iPhone.ActiveCfg = Release|Any CPU
		{40FE5C07-0401-487C-9B73-98D234245B5A}.Ad-Hoc|iPhone.Build.0 = Release|Any CPU
		{40FE5C07-0401-487C-9B73-98D234245B5A}.Ad-Hoc|iPhone.Deploy.0 = Release|Any CPU
		{40FE5C07-0401-487C-9B73-98D234245B5A}.Ad-Hoc|iPhoneSimulator.ActiveCfg = Release|Any CPU
		{40FE5C07-0401-487C-9B73-98D234245B5A}.Ad-Hoc|iPhoneSimulator.Build.0 = Release|Any CPU
		{40FE5C07-0401-487C-9B73-98D234245B5A}.Ad-Hoc|iPhoneSimulator.Deploy.0 = Release|Any CPU
		{40FE5C07-0401-487C-9B73-98D234245B5A}.Ad-Hoc|x64.ActiveCfg = Release|Any CPU
		{40FE5C07-0401-487C-9B73-98D234245B5A}.Ad-Hoc|x64.Build.0 = Release|Any CPU
		{40FE5C07-0401-487C-9B73-98D234245B5A}.Ad-Hoc|x64.Deploy.0 = Release|Any CPU
		{40FE5C07-0401-487C-9B73-98D234245B5A}.Ad-Hoc|x86.ActiveCfg = Release|x86
		{40FE5C07-0401-487C-9B73-98D234245B5A}.Ad-Hoc|x86.Build.0 = Release|x86
		{40FE5C07-0401-487C-9B73-98D234245B5A}.Ad-Hoc|x86.Deploy.0 = Release|x86
		{40FE5C07-0401-487C-9B73-98D234245B5A}.AppStore|Any CPU.ActiveCfg = Release|Any CPU
		{40FE5C07-0401-487C-9B73-98D234245B5A}.AppStore|Any CPU.Build.0 = Release|Any CPU
		{40FE5C07-0401-487C-9B73-98D234245B5A}.AppStore|Any CPU.Deploy.0 = Release|Any CPU
		{40FE5C07-0401-487C-9B73-98D234245B5A}.AppStore|ARM.ActiveCfg = Release|ARM
		{40FE5C07-0401-487C-9B73-98D234245B5A}.AppStore|ARM.Build.0 = Release|ARM
		{40FE5C07-0401-487C-9B73-98D234245B5A}.AppStore|ARM.Deploy.0 = Release|ARM
		{40FE5C07-0401-487C-9B73-98D234245B5A}.AppStore|iPhone.ActiveCfg = Release|Any CPU
		{40FE5C07-0401-487C-9B73-98D234245B5A}.AppStore|iPhone.Build.0 = Release|Any CPU
		{40FE5C07-0401-487C-9B73-98D234245B5A}.AppStore|iPhone.Deploy.0 = Release|Any CPU
		{40FE5C07-0401-487C-9B73-98D234245B5A}.AppStore|iPhoneSimulator.ActiveCfg = Release|Any CPU
		{40FE5C07-0401-487C-9B73-98D234245B5A}.AppStore|iPhoneSimulator.Build.0 = Release|Any CPU
		{40FE5C07-0401-487C-9B73-98D234245B5A}.AppStore|iPhoneSimulator.Deploy.0 = Release|Any CPU
		{40FE5C07-0401-487C-9B73-98D234245B5A}.AppStore|x64.ActiveCfg = Release|Any CPU
		{40FE5C07-0401-487C-9B73-98D234245B5A}.AppStore|x64.Build.0 = Release|Any CPU
		{40FE5C07-0401-487C-9B73-98D234245B5A}.AppStore|x64.Deploy.0 = Release|Any CPU
		{40FE5C07-0401-487C-9B73-98D234245B5A}.AppStore|x86.ActiveCfg = Release|x86
		{40FE5C07-0401-487C-9B73-98D234245B5A}.AppStore|x86.Build.0 = Release|x86
		{40FE5C07-0401-487C-9B73-98D234245B5A}.AppStore|x86.Deploy.0 = Release|x86
		{40FE5C07-0401-487C-9B73-98D234245B5A}.Debug|Any CPU.ActiveCfg = Debug|Any CPU
		{40FE5C07-0401-487C-9B73-98D234245B5A}.Debug|Any CPU.Build.0 = Debug|Any CPU
		{40FE5C07-0401-487C-9B73-98D234245B5A}.Debug|Any CPU.Deploy.0 = Debug|Any CPU
		{40FE5C07-0401-487C-9B73-98D234245B5A}.Debug|ARM.ActiveCfg = Debug|ARM
		{40FE5C07-0401-487C-9B73-98D234245B5A}.Debug|ARM.Build.0 = Debug|ARM
		{40FE5C07-0401-487C-9B73-98D234245B5A}.Debug|ARM.Deploy.0 = Debug|ARM
		{40FE5C07-0401-487C-9B73-98D234245B5A}.Debug|iPhone.ActiveCfg = Debug|Any CPU
		{40FE5C07-0401-487C-9B73-98D234245B5A}.Debug|iPhone.Build.0 = Debug|Any CPU
		{40FE5C07-0401-487C-9B73-98D234245B5A}.Debug|iPhone.Deploy.0 = Debug|Any CPU
		{40FE5C07-0401-487C-9B73-98D234245B5A}.Debug|iPhoneSimulator.ActiveCfg = Debug|Any CPU
		{40FE5C07-0401-487C-9B73-98D234245B5A}.Debug|iPhoneSimulator.Build.0 = Debug|Any CPU
		{40FE5C07-0401-487C-9B73-98D234245B5A}.Debug|iPhoneSimulator.Deploy.0 = Debug|Any CPU
		{40FE5C07-0401-487C-9B73-98D234245B5A}.Debug|x64.ActiveCfg = Debug|Any CPU
		{40FE5C07-0401-487C-9B73-98D234245B5A}.Debug|x64.Build.0 = Debug|Any CPU
		{40FE5C07-0401-487C-9B73-98D234245B5A}.Debug|x64.Deploy.0 = Debug|Any CPU
		{40FE5C07-0401-487C-9B73-98D234245B5A}.Debug|x86.ActiveCfg = Debug|x86
		{40FE5C07-0401-487C-9B73-98D234245B5A}.Debug|x86.Build.0 = Debug|x86
		{40FE5C07-0401-487C-9B73-98D234245B5A}.Debug|x86.Deploy.0 = Debug|x86
		{40FE5C07-0401-487C-9B73-98D234245B5A}.Release|Any CPU.ActiveCfg = Release|Any CPU
		{40FE5C07-0401-487C-9B73-98D234245B5A}.Release|Any CPU.Build.0 = Release|Any CPU
		{40FE5C07-0401-487C-9B73-98D234245B5A}.Release|Any CPU.Deploy.0 = Release|Any CPU
		{40FE5C07-0401-487C-9B73-98D234245B5A}.Release|ARM.ActiveCfg = Release|ARM
		{40FE5C07-0401-487C-9B73-98D234245B5A}.Release|ARM.Build.0 = Release|ARM
		{40FE5C07-0401-487C-9B73-98D234245B5A}.Release|ARM.Deploy.0 = Release|ARM
		{40FE5C07-0401-487C-9B73-98D234245B5A}.Release|iPhone.ActiveCfg = Release|Any CPU
		{40FE5C07-0401-487C-9B73-98D234245B5A}.Release|iPhone.Build.0 = Release|Any CPU
		{40FE5C07-0401-487C-9B73-98D234245B5A}.Release|iPhone.Deploy.0 = Release|Any CPU
		{40FE5C07-0401-487C-9B73-98D234245B5A}.Release|iPhoneSimulator.ActiveCfg = Release|Any CPU
		{40FE5C07-0401-487C-9B73-98D234245B5A}.Release|iPhoneSimulator.Build.0 = Release|Any CPU
		{40FE5C07-0401-487C-9B73-98D234245B5A}.Release|iPhoneSimulator.Deploy.0 = Release|Any CPU
		{40FE5C07-0401-487C-9B73-98D234245B5A}.Release|x64.ActiveCfg = Release|Any CPU
		{40FE5C07-0401-487C-9B73-98D234245B5A}.Release|x64.Build.0 = Release|Any CPU
		{40FE5C07-0401-487C-9B73-98D234245B5A}.Release|x64.Deploy.0 = Release|Any CPU
		{40FE5C07-0401-487C-9B73-98D234245B5A}.Release|x86.ActiveCfg = Release|x86
		{40FE5C07-0401-487C-9B73-98D234245B5A}.Release|x86.Build.0 = Release|x86
		{40FE5C07-0401-487C-9B73-98D234245B5A}.Release|x86.Deploy.0 = Release|x86
		{54915FFD-62F3-4E8F-B970-71F44463D731}.Ad-Hoc|Any CPU.ActiveCfg = Release|Any CPU
		{54915FFD-62F3-4E8F-B970-71F44463D731}.Ad-Hoc|Any CPU.Build.0 = Release|Any CPU
		{54915FFD-62F3-4E8F-B970-71F44463D731}.Ad-Hoc|Any CPU.Deploy.0 = Release|Any CPU
		{54915FFD-62F3-4E8F-B970-71F44463D731}.Ad-Hoc|ARM.ActiveCfg = Release|ARM
		{54915FFD-62F3-4E8F-B970-71F44463D731}.Ad-Hoc|ARM.Build.0 = Release|ARM
		{54915FFD-62F3-4E8F-B970-71F44463D731}.Ad-Hoc|ARM.Deploy.0 = Release|ARM
		{54915FFD-62F3-4E8F-B970-71F44463D731}.Ad-Hoc|iPhone.ActiveCfg = Release|Any CPU
		{54915FFD-62F3-4E8F-B970-71F44463D731}.Ad-Hoc|iPhone.Build.0 = Release|Any CPU
		{54915FFD-62F3-4E8F-B970-71F44463D731}.Ad-Hoc|iPhone.Deploy.0 = Release|Any CPU
		{54915FFD-62F3-4E8F-B970-71F44463D731}.Ad-Hoc|iPhoneSimulator.ActiveCfg = Release|Any CPU
		{54915FFD-62F3-4E8F-B970-71F44463D731}.Ad-Hoc|iPhoneSimulator.Build.0 = Release|Any CPU
		{54915FFD-62F3-4E8F-B970-71F44463D731}.Ad-Hoc|iPhoneSimulator.Deploy.0 = Release|Any CPU
		{54915FFD-62F3-4E8F-B970-71F44463D731}.Ad-Hoc|x64.ActiveCfg = Release|x64
		{54915FFD-62F3-4E8F-B970-71F44463D731}.Ad-Hoc|x64.Build.0 = Release|x64
		{54915FFD-62F3-4E8F-B970-71F44463D731}.Ad-Hoc|x64.Deploy.0 = Release|x64
		{54915FFD-62F3-4E8F-B970-71F44463D731}.Ad-Hoc|x86.ActiveCfg = Release|x86
		{54915FFD-62F3-4E8F-B970-71F44463D731}.Ad-Hoc|x86.Build.0 = Release|x86
		{54915FFD-62F3-4E8F-B970-71F44463D731}.Ad-Hoc|x86.Deploy.0 = Release|x86
		{54915FFD-62F3-4E8F-B970-71F44463D731}.AppStore|Any CPU.ActiveCfg = Release|Any CPU
		{54915FFD-62F3-4E8F-B970-71F44463D731}.AppStore|Any CPU.Build.0 = Release|Any CPU
		{54915FFD-62F3-4E8F-B970-71F44463D731}.AppStore|Any CPU.Deploy.0 = Release|Any CPU
		{54915FFD-62F3-4E8F-B970-71F44463D731}.AppStore|ARM.ActiveCfg = Release|ARM
		{54915FFD-62F3-4E8F-B970-71F44463D731}.AppStore|ARM.Build.0 = Release|ARM
		{54915FFD-62F3-4E8F-B970-71F44463D731}.AppStore|ARM.Deploy.0 = Release|ARM
		{54915FFD-62F3-4E8F-B970-71F44463D731}.AppStore|iPhone.ActiveCfg = Release|Any CPU
		{54915FFD-62F3-4E8F-B970-71F44463D731}.AppStore|iPhone.Build.0 = Release|Any CPU
		{54915FFD-62F3-4E8F-B970-71F44463D731}.AppStore|iPhone.Deploy.0 = Release|Any CPU
		{54915FFD-62F3-4E8F-B970-71F44463D731}.AppStore|iPhoneSimulator.ActiveCfg = Release|Any CPU
		{54915FFD-62F3-4E8F-B970-71F44463D731}.AppStore|iPhoneSimulator.Build.0 = Release|Any CPU
		{54915FFD-62F3-4E8F-B970-71F44463D731}.AppStore|iPhoneSimulator.Deploy.0 = Release|Any CPU
		{54915FFD-62F3-4E8F-B970-71F44463D731}.AppStore|x64.ActiveCfg = Release|x64
		{54915FFD-62F3-4E8F-B970-71F44463D731}.AppStore|x64.Build.0 = Release|x64
		{54915FFD-62F3-4E8F-B970-71F44463D731}.AppStore|x64.Deploy.0 = Release|x64
		{54915FFD-62F3-4E8F-B970-71F44463D731}.AppStore|x86.ActiveCfg = Release|x86
		{54915FFD-62F3-4E8F-B970-71F44463D731}.AppStore|x86.Build.0 = Release|x86
		{54915FFD-62F3-4E8F-B970-71F44463D731}.AppStore|x86.Deploy.0 = Release|x86
		{54915FFD-62F3-4E8F-B970-71F44463D731}.Debug|Any CPU.ActiveCfg = Debug|Any CPU
		{54915FFD-62F3-4E8F-B970-71F44463D731}.Debug|Any CPU.Build.0 = Debug|Any CPU
		{54915FFD-62F3-4E8F-B970-71F44463D731}.Debug|Any CPU.Deploy.0 = Debug|Any CPU
		{54915FFD-62F3-4E8F-B970-71F44463D731}.Debug|ARM.ActiveCfg = Debug|ARM
		{54915FFD-62F3-4E8F-B970-71F44463D731}.Debug|ARM.Build.0 = Debug|ARM
		{54915FFD-62F3-4E8F-B970-71F44463D731}.Debug|ARM.Deploy.0 = Debug|ARM
		{54915FFD-62F3-4E8F-B970-71F44463D731}.Debug|iPhone.ActiveCfg = Debug|Any CPU
		{54915FFD-62F3-4E8F-B970-71F44463D731}.Debug|iPhone.Build.0 = Debug|Any CPU
		{54915FFD-62F3-4E8F-B970-71F44463D731}.Debug|iPhone.Deploy.0 = Debug|Any CPU
		{54915FFD-62F3-4E8F-B970-71F44463D731}.Debug|iPhoneSimulator.ActiveCfg = Debug|Any CPU
		{54915FFD-62F3-4E8F-B970-71F44463D731}.Debug|iPhoneSimulator.Build.0 = Debug|Any CPU
		{54915FFD-62F3-4E8F-B970-71F44463D731}.Debug|iPhoneSimulator.Deploy.0 = Debug|Any CPU
		{54915FFD-62F3-4E8F-B970-71F44463D731}.Debug|x64.ActiveCfg = Debug|x64
		{54915FFD-62F3-4E8F-B970-71F44463D731}.Debug|x64.Build.0 = Debug|x64
		{54915FFD-62F3-4E8F-B970-71F44463D731}.Debug|x64.Deploy.0 = Debug|x64
		{54915FFD-62F3-4E8F-B970-71F44463D731}.Debug|x86.ActiveCfg = Debug|x86
		{54915FFD-62F3-4E8F-B970-71F44463D731}.Debug|x86.Build.0 = Debug|x86
		{54915FFD-62F3-4E8F-B970-71F44463D731}.Debug|x86.Deploy.0 = Debug|x86
		{54915FFD-62F3-4E8F-B970-71F44463D731}.Release|Any CPU.ActiveCfg = Release|Any CPU
		{54915FFD-62F3-4E8F-B970-71F44463D731}.Release|Any CPU.Build.0 = Release|Any CPU
		{54915FFD-62F3-4E8F-B970-71F44463D731}.Release|Any CPU.Deploy.0 = Release|Any CPU
		{54915FFD-62F3-4E8F-B970-71F44463D731}.Release|ARM.ActiveCfg = Release|ARM
		{54915FFD-62F3-4E8F-B970-71F44463D731}.Release|ARM.Build.0 = Release|ARM
		{54915FFD-62F3-4E8F-B970-71F44463D731}.Release|ARM.Deploy.0 = Release|ARM
		{54915FFD-62F3-4E8F-B970-71F44463D731}.Release|iPhone.ActiveCfg = Release|Any CPU
		{54915FFD-62F3-4E8F-B970-71F44463D731}.Release|iPhone.Build.0 = Release|Any CPU
		{54915FFD-62F3-4E8F-B970-71F44463D731}.Release|iPhone.Deploy.0 = Release|Any CPU
		{54915FFD-62F3-4E8F-B970-71F44463D731}.Release|iPhoneSimulator.ActiveCfg = Release|Any CPU
		{54915FFD-62F3-4E8F-B970-71F44463D731}.Release|iPhoneSimulator.Build.0 = Release|Any CPU
		{54915FFD-62F3-4E8F-B970-71F44463D731}.Release|iPhoneSimulator.Deploy.0 = Release|Any CPU
		{54915FFD-62F3-4E8F-B970-71F44463D731}.Release|x64.ActiveCfg = Release|x64
		{54915FFD-62F3-4E8F-B970-71F44463D731}.Release|x64.Build.0 = Release|x64
		{54915FFD-62F3-4E8F-B970-71F44463D731}.Release|x64.Deploy.0 = Release|x64
		{54915FFD-62F3-4E8F-B970-71F44463D731}.Release|x86.ActiveCfg = Release|x86
		{54915FFD-62F3-4E8F-B970-71F44463D731}.Release|x86.Build.0 = Release|x86
		{54915FFD-62F3-4E8F-B970-71F44463D731}.Release|x86.Deploy.0 = Release|x86
	EndGlobalSection
	GlobalSection(SolutionProperties) = preSolution
		HideSolutionNode = FALSE
	EndGlobalSection
EndGlobal
